
Microsoft Visual Studio Solution File, Format Version 12.00
# Visual Studio Version 17
VisualStudioVersion = 17.5.33627.172
MinimumVisualStudioVersion = 10.0.40219.1
Project("{FAE04EC0-301F-11D3-BF4B-00C04F79EFBC}") = "TrafficLights.API", "TrafficLights.API.csproj", "{FBA74A8F-35B5-4056-BE7B-AA127229F99C}"
EndProject
Project("{FAE04EC0-301F-11D3-BF4B-00C04F79EFBC}") = "Infrastructure", "..\Infrastructure\Infrastructure.csproj", "{392094CA-4188-4128-8393-F363DDA0CBAA}"
EndProject
Project("{FAE04EC0-301F-11D3-BF4B-00C04F79EFBC}") = "Core", "..\Core\Core.csproj", "{2AE3B7CB-379C-42F8-90D8-68565D804A9C}"
EndProject
Global
	GlobalSection(SolutionConfigurationPlatforms) = preSolution
		Debug|Any CPU = Debug|Any CPU
		Release|Any CPU = Release|Any CPU
	EndGlobalSection
	GlobalSection(ProjectConfigurationPlatforms) = postSolution
		{FBA74A8F-35B5-4056-BE7B-AA127229F99C}.Debug|Any CPU.ActiveCfg = Debug|Any CPU
		{FBA74A8F-35B5-4056-BE7B-AA127229F99C}.Debug|Any CPU.Build.0 = Debug|Any CPU
		{FBA74A8F-35B5-4056-BE7B-AA127229F99C}.Release|Any CPU.ActiveCfg = Release|Any CPU
		{FBA74A8F-35B5-4056-BE7B-AA127229F99C}.Release|Any CPU.Build.0 = Release|Any CPU
		{392094CA-4188-4128-8393-F363DDA0CBAA}.Debug|Any CPU.ActiveCfg = Debug|Any CPU
		{392094CA-4188-4128-8393-F363DDA0CBAA}.Debug|Any CPU.Build.0 = Debug|Any CPU
		{392094CA-4188-4128-8393-F363DDA0CBAA}.Release|Any CPU.ActiveCfg = Release|Any CPU
		{392094CA-4188-4128-8393-F363DDA0CBAA}.Release|Any CPU.Build.0 = Release|Any CPU
		{2AE3B7CB-379C-42F8-90D8-68565D804A9C}.Debug|Any CPU.ActiveCfg = Debug|Any CPU
		{2AE3B7CB-379C-42F8-90D8-68565D804A9C}.Debug|Any CPU.Build.0 = Debug|Any CPU
		{2AE3B7CB-379C-42F8-90D8-68565D804A9C}.Release|Any CPU.ActiveCfg = Release|Any CPU
		{2AE3B7CB-379C-42F8-90D8-68565D804A9C}.Release|Any CPU.Build.0 = Release|Any CPU
	EndGlobalSection
	GlobalSection(SolutionProperties) = preSolution
		HideSolutionNode = FALSE
	EndGlobalSection
	GlobalSection(ExtensibilityGlobals) = postSolution
		SolutionGuid = {7A81B4CB-B3A1-443C-B1F6-FFC513EEB94C}
	EndGlobalSection
EndGlobal
